
Microsoft Visual Studio Solution File, Format Version 12.00
# Visual Studio Version 16
VisualStudioVersion = 16.0.30413.136
MinimumVisualStudioVersion = 10.0.40219.1
Project("{888888A0-9F3D-457C-B088-3A5042F75D52}") = "opdracht1", "opdracht1\opdracht1.pyproj", "{1EC8A1EA-8AF6-4FA7-B930-EBC55B954C65}"
EndProject
Global
	GlobalSection(SolutionConfigurationPlatforms) = preSolution
		Debug|Any CPU = Debug|Any CPU
		Release|Any CPU = Release|Any CPU
	EndGlobalSection
	GlobalSection(ProjectConfigurationPlatforms) = postSolution
		{1EC8A1EA-8AF6-4FA7-B930-EBC55B954C65}.Debug|Any CPU.ActiveCfg = Debug|Any CPU
		{1EC8A1EA-8AF6-4FA7-B930-EBC55B954C65}.Release|Any CPU.ActiveCfg = Release|Any CPU
	EndGlobalSection
	GlobalSection(SolutionProperties) = preSolution
		HideSolutionNode = FALSE
	EndGlobalSection
	GlobalSection(ExtensibilityGlobals) = postSolution
		SolutionGuid = {B68513FD-0CB6-458B-A0E8-996D11097108}
	EndGlobalSection
EndGlobal
